// !$*UTF8*$!
{
	archiveVersion = 1;
	classes = {
	};
	objectVersion = 46;
	objects = {

/* Begin PBXBuildFile section */
		C2A8BEA9193EB4820029A125 /* Foundation.framework in Frameworks */ = {isa = PBXBuildFile; fileRef = C2A8BEA8193EB4820029A125 /* Foundation.framework */; };
		C2A8BEAB193EB4820029A125 /* CoreGraphics.framework in Frameworks */ = {isa = PBXBuildFile; fileRef = C2A8BEAA193EB4820029A125 /* CoreGraphics.framework */; };
		C2A8BEAD193EB4820029A125 /* UIKit.framework in Frameworks */ = {isa = PBXBuildFile; fileRef = C2A8BEAC193EB4820029A125 /* UIKit.framework */; };
		C2A8BEB3193EB4820029A125 /* InfoPlist.strings in Resources */ = {isa = PBXBuildFile; fileRef = C2A8BEB1193EB4820029A125 /* InfoPlist.strings */; };
		C2A8BEB5193EB4820029A125 /* main.m in Sources */ = {isa = PBXBuildFile; fileRef = C2A8BEB4193EB4820029A125 /* main.m */; };
		C2A8BEB9193EB4820029A125 /* CFAppDelegate.m in Sources */ = {isa = PBXBuildFile; fileRef = C2A8BEB8193EB4820029A125 /* CFAppDelegate.m */; };
		C2A8BEBB193EB4820029A125 /* Images.xcassets in Resources */ = {isa = PBXBuildFile; fileRef = C2A8BEBA193EB4820029A125 /* Images.xcassets */; };
		C2A8BEC2193EB4820029A125 /* XCTest.framework in Frameworks */ = {isa = PBXBuildFile; fileRef = C2A8BEC1193EB4820029A125 /* XCTest.framework */; };
		C2A8BEC3193EB4820029A125 /* Foundation.framework in Frameworks */ = {isa = PBXBuildFile; fileRef = C2A8BEA8193EB4820029A125 /* Foundation.framework */; };
		C2A8BEC4193EB4820029A125 /* UIKit.framework in Frameworks */ = {isa = PBXBuildFile; fileRef = C2A8BEAC193EB4820029A125 /* UIKit.framework */; };
		C2A8BECC193EB4820029A125 /* InfoPlist.strings in Resources */ = {isa = PBXBuildFile; fileRef = C2A8BECA193EB4820029A125 /* InfoPlist.strings */; };
		C2A8BECE193EB4820029A125 /* ThoughtReadingTests.m in Sources */ = {isa = PBXBuildFile; fileRef = C2A8BECD193EB4820029A125 /* ThoughtReadingTests.m */; };
		C2A8BED9193EB5100029A125 /* CFMainViewController.m in Sources */ = {isa = PBXBuildFile; fileRef = C2A8BED8193EB5100029A125 /* CFMainViewController.m */; };
		C2A8BF1C193EB6A50029A125 /* 01.jpg in Resources */ = {isa = PBXBuildFile; fileRef = C2A8BF18193EB6A50029A125 /* 01.jpg */; };
		C2A8BF1D193EB6A50029A125 /* 02.jpg in Resources */ = {isa = PBXBuildFile; fileRef = C2A8BF19193EB6A50029A125 /* 02.jpg */; };
		C2A8BF1E193EB6A50029A125 /* 03.jpg in Resources */ = {isa = PBXBuildFile; fileRef = C2A8BF1A193EB6A50029A125 /* 03.jpg */; };
		C2A8BF1F193EB6A50029A125 /* 04.jpg in Resources */ = {isa = PBXBuildFile; fileRef = C2A8BF1B193EB6A50029A125 /* 04.jpg */; };
/* End PBXBuildFile section */

/* Begin PBXContainerItemProxy section */
		C2A8BEC5193EB4820029A125 /* PBXContainerItemProxy */ = {
			isa = PBXContainerItemProxy;
			containerPortal = C2A8BE9D193EB4820029A125 /* Project object */;
			proxyType = 1;
			remoteGlobalIDString = C2A8BEA4193EB4820029A125;
			remoteInfo = ThoughtReading;
		};
/* End PBXContainerItemProxy section */

/* Begin PBXFileReference section */
		C2A8BEA5193EB4820029A125 /* ThoughtReading.app */ = {isa = PBXFileReference; explicitFileType = wrapper.application; includeInIndex = 0; path = ThoughtReading.app; sourceTree = BUILT_PRODUCTS_DIR; };
		C2A8BEA8193EB4820029A125 /* Foundation.framework */ = {isa = PBXFileReference; lastKnownFileType = wrapper.framework; name = Foundation.framework; path = System/Library/Frameworks/Foundation.framework; sourceTree = SDKROOT; };
		C2A8BEAA193EB4820029A125 /* CoreGraphics.framework */ = {isa = PBXFileReference; lastKnownFileType = wrapper.framework; name = CoreGraphics.framework; path = System/Library/Frameworks/CoreGraphics.framework; sourceTree = SDKROOT; };
		C2A8BEAC193EB4820029A125 /* UIKit.framework */ = {isa = PBXFileReference; lastKnownFileType = wrapper.framework; name = UIKit.framework; path = System/Library/Frameworks/UIKit.framework; sourceTree = SDKROOT; };
		C2A8BEB0193EB4820029A125 /* ThoughtReading-Info.plist */ = {isa = PBXFileReference; lastKnownFileType = text.plist.xml; path = "ThoughtReading-Info.plist"; sourceTree = "<group>"; };
		C2A8BEB2193EB4820029A125 /* en */ = {isa = PBXFileReference; lastKnownFileType = text.plist.strings; name = en; path = en.lproj/InfoPlist.strings; sourceTree = "<group>"; };
		C2A8BEB4193EB4820029A125 /* main.m */ = {isa = PBXFileReference; lastKnownFileType = sourcecode.c.objc; path = main.m; sourceTree = "<group>"; };
		C2A8BEB6193EB4820029A125 /* ThoughtReading-Prefix.pch */ = {isa = PBXFileReference; lastKnownFileType = sourcecode.c.h; path = "ThoughtReading-Prefix.pch"; sourceTree = "<group>"; };
		C2A8BEB7193EB4820029A125 /* CFAppDelegate.h */ = {isa = PBXFileReference; lastKnownFileType = sourcecode.c.h; path = CFAppDelegate.h; sourceTree = "<group>"; };
		C2A8BEB8193EB4820029A125 /* CFAppDelegate.m */ = {isa = PBXFileReference; lastKnownFileType = sourcecode.c.objc; path = CFAppDelegate.m; sourceTree = "<group>"; };
		C2A8BEBA193EB4820029A125 /* Images.xcassets */ = {isa = PBXFileReference; lastKnownFileType = folder.assetcatalog; path = Images.xcassets; sourceTree = "<group>"; };
		C2A8BEC0193EB4820029A125 /* ThoughtReadingTests.xctest */ = {isa = PBXFileReference; explicitFileType = wrapper.cfbundle; includeInIndex = 0; path = ThoughtReadingTests.xctest; sourceTree = BUILT_PRODUCTS_DIR; };
		C2A8BEC1193EB4820029A125 /* XCTest.framework */ = {isa = PBXFileReference; lastKnownFileType = wrapper.framework; name = XCTest.framework; path = Library/Frameworks/XCTest.framework; sourceTree = DEVELOPER_DIR; };
		C2A8BEC9193EB4820029A125 /* ThoughtReadingTests-Info.plist */ = {isa = PBXFileReference; lastKnownFileType = text.plist.xml; path = "ThoughtReadingTests-Info.plist"; sourceTree = "<group>"; };
		C2A8BECB193EB4820029A125 /* en */ = {isa = PBXFileReference; lastKnownFileType = text.plist.strings; name = en; path = en.lproj/InfoPlist.strings; sourceTree = "<group>"; };
		C2A8BECD193EB4820029A125 /* ThoughtReadingTests.m */ = {isa = PBXFileReference; lastKnownFileType = sourcecode.c.objc; path = ThoughtReadingTests.m; sourceTree = "<group>"; };
		C2A8BED7193EB5100029A125 /* CFMainViewController.h */ = {isa = PBXFileReference; fileEncoding = 4; lastKnownFileType = sourcecode.c.h; path = CFMainViewController.h; sourceTree = "<group>"; };
		C2A8BED8193EB5100029A125 /* CFMainViewController.m */ = {isa = PBXFileReference; fileEncoding = 4; lastKnownFileType = sourcecode.c.objc; path = CFMainViewController.m; sourceTree = "<group>"; };
		C2A8BF18193EB6A50029A125 /* 01.jpg */ = {isa = PBXFileReference; lastKnownFileType = image.jpeg; path = 01.jpg; sourceTree = "<group>"; };
		C2A8BF19193EB6A50029A125 /* 02.jpg */ = {isa = PBXFileReference; lastKnownFileType = image.jpeg; path = 02.jpg; sourceTree = "<group>"; };
		C2A8BF1A193EB6A50029A125 /* 03.jpg */ = {isa = PBXFileReference; lastKnownFileType = image.jpeg; path = 03.jpg; sourceTree = "<group>"; };
		C2A8BF1B193EB6A50029A125 /* 04.jpg */ = {isa = PBXFileReference; lastKnownFileType = image.jpeg; path = 04.jpg; sourceTree = "<group>"; };
/* End PBXFileReference section */

/* Begin PBXFrameworksBuildPhase section */
		C2A8BEA2193EB4820029A125 /* Frameworks */ = {
			isa = PBXFrameworksBuildPhase;
			buildActionMask = 2147483647;
			files = (
				C2A8BEAB193EB4820029A125 /* CoreGraphics.framework in Frameworks */,
				C2A8BEAD193EB4820029A125 /* UIKit.framework in Frameworks */,
				C2A8BEA9193EB4820029A125 /* Foundation.framework in Frameworks */,
			);
			runOnlyForDeploymentPostprocessing = 0;
		};
		C2A8BEBD193EB4820029A125 /* Frameworks */ = {
			isa = PBXFrameworksBuildPhase;
			buildActionMask = 2147483647;
			files = (
				C2A8BEC2193EB4820029A125 /* XCTest.framework in Frameworks */,
				C2A8BEC4193EB4820029A125 /* UIKit.framework in Frameworks */,
				C2A8BEC3193EB4820029A125 /* Foundation.framework in Frameworks */,
			);
			runOnlyForDeploymentPostprocessing = 0;
		};
/* End PBXFrameworksBuildPhase section */

/* Begin PBXGroup section */
		C2A8BE9C193EB4820029A125 = {
			isa = PBXGroup;
			children = (
				C2A8BEAE193EB4820029A125 /* ThoughtReading */,
				C2A8BEC7193EB4820029A125 /* ThoughtReadingTests */,
				C2A8BEA7193EB4820029A125 /* Frameworks */,
				C2A8BEA6193EB4820029A125 /* Products */,
			);
			sourceTree = "<group>";
		};
		C2A8BEA6193EB4820029A125 /* Products */ = {
			isa = PBXGroup;
			children = (
				C2A8BEA5193EB4820029A125 /* ThoughtReading.app */,
				C2A8BEC0193EB4820029A125 /* ThoughtReadingTests.xctest */,
			);
			name = Products;
			sourceTree = "<group>";
		};
		C2A8BEA7193EB4820029A125 /* Frameworks */ = {
			isa = PBXGroup;
			children = (
				C2A8BEA8193EB4820029A125 /* Foundation.framework */,
				C2A8BEAA193EB4820029A125 /* CoreGraphics.framework */,
				C2A8BEAC193EB4820029A125 /* UIKit.framework */,
				C2A8BEC1193EB4820029A125 /* XCTest.framework */,
			);
			name = Frameworks;
			sourceTree = "<group>";
		};
		C2A8BEAE193EB4820029A125 /* ThoughtReading */ = {
			isa = PBXGroup;
			children = (
				C2A8BF18193EB6A50029A125 /* 01.jpg */,
				C2A8BF19193EB6A50029A125 /* 02.jpg */,
				C2A8BF1A193EB6A50029A125 /* 03.jpg */,
				C2A8BF1B193EB6A50029A125 /* 04.jpg */,
				C2A8BEB7193EB4820029A125 /* CFAppDelegate.h */,
				C2A8BEB8193EB4820029A125 /* CFAppDelegate.m */,
				C2A8BEBA193EB4820029A125 /* Images.xcassets */,
				C2A8BEAF193EB4820029A125 /* Supporting Files */,
				C2A8BED7193EB5100029A125 /* CFMainViewController.h */,
				C2A8BED8193EB5100029A125 /* CFMainViewController.m */,
			);
			path = ThoughtReading;
			sourceTree = "<group>";
		};
		C2A8BEAF193EB4820029A125 /* Supporting Files */ = {
			isa = PBXGroup;
			children = (
				C2A8BEB0193EB4820029A125 /* ThoughtReading-Info.plist */,
				C2A8BEB1193EB4820029A125 /* InfoPlist.strings */,
				C2A8BEB4193EB4820029A125 /* main.m */,
				C2A8BEB6193EB4820029A125 /* ThoughtReading-Prefix.pch */,
			);
			name = "Supporting Files";
			sourceTree = "<group>";
		};
		C2A8BEC7193EB4820029A125 /* ThoughtReadingTests */ = {
			isa = PBXGroup;
			children = (
				C2A8BECD193EB4820029A125 /* ThoughtReadingTests.m */,
				C2A8BEC8193EB4820029A125 /* Supporting Files */,
			);
			path = ThoughtReadingTests;
			sourceTree = "<group>";
		};
		C2A8BEC8193EB4820029A125 /* Supporting Files */ = {
			isa = PBXGroup;
			children = (
				C2A8BEC9193EB4820029A125 /* ThoughtReadingTests-Info.plist */,
				C2A8BECA193EB4820029A125 /* InfoPlist.strings */,
			);
			name = "Supporting Files";
			sourceTree = "<group>";
		};
/* End PBXGroup section */

/* Begin PBXNativeTarget section */
		C2A8BEA4193EB4820029A125 /* ThoughtReading */ = {
			isa = PBXNativeTarget;
			buildConfigurationList = C2A8BED1193EB4820029A125 /* Build configuration list for PBXNativeTarget "ThoughtReading" */;
			buildPhases = (
				C2A8BEA1193EB4820029A125 /* Sources */,
				C2A8BEA2193EB4820029A125 /* Frameworks */,
				C2A8BEA3193EB4820029A125 /* Resources */,
			);
			buildRules = (
			);
			dependencies = (
			);
			name = ThoughtReading;
			productName = ThoughtReading;
			productReference = C2A8BEA5193EB4820029A125 /* ThoughtReading.app */;
			productType = "com.apple.product-type.application";
		};
		C2A8BEBF193EB4820029A125 /* ThoughtReadingTests */ = {
			isa = PBXNativeTarget;
			buildConfigurationList = C2A8BED4193EB4820029A125 /* Build configuration list for PBXNativeTarget "ThoughtReadingTests" */;
			buildPhases = (
				C2A8BEBC193EB4820029A125 /* Sources */,
				C2A8BEBD193EB4820029A125 /* Frameworks */,
				C2A8BEBE193EB4820029A125 /* Resources */,
			);
			buildRules = (
			);
			dependencies = (
				C2A8BEC6193EB4820029A125 /* PBXTargetDependency */,
			);
			name = ThoughtReadingTests;
			productName = ThoughtReadingTests;
			productReference = C2A8BEC0193EB4820029A125 /* ThoughtReadingTests.xctest */;
			productType = "com.apple.product-type.bundle.unit-test";
		};
/* End PBXNativeTarget section */

/* Begin PBXProject section */
		C2A8BE9D193EB4820029A125 /* Project object */ = {
			isa = PBXProject;
			attributes = {
				CLASSPREFIX = CF;
				LastUpgradeCheck = 0510;
				ORGANIZATIONNAME = Shadow;
				TargetAttributes = {
					C2A8BEBF193EB4820029A125 = {
						TestTargetID = C2A8BEA4193EB4820029A125;
					};
				};
			};
			buildConfigurationList = C2A8BEA0193EB4820029A125 /* Build configuration list for PBXProject "ThoughtReading" */;
			compatibilityVersion = "Xcode 3.2";
			developmentRegion = English;
			hasScannedForEncodings = 0;
			knownRegions = (
				en,
			);
			mainGroup = C2A8BE9C193EB4820029A125;
			productRefGroup = C2A8BEA6193EB4820029A125 /* Products */;
			projectDirPath = "";
			projectRoot = "";
			targets = (
				C2A8BEA4193EB4820029A125 /* ThoughtReading */,
				C2A8BEBF193EB4820029A125 /* ThoughtReadingTests */,
			);
		};
/* End PBXProject section */

/* Begin PBXResourcesBuildPhase section */
		C2A8BEA3193EB4820029A125 /* Resources */ = {
			isa = PBXResourcesBuildPhase;
			buildActionMask = 2147483647;
			files = (
				C2A8BF1E193EB6A50029A125 /* 03.jpg in Resources */,
				C2A8BF1D193EB6A50029A125 /* 02.jpg in Resources */,
				C2A8BEB3193EB4820029A125 /* InfoPlist.strings in Resources */,
				C2A8BF1F193EB6A50029A125 /* 04.jpg in Resources */,
				C2A8BF1C193EB6A50029A125 /* 01.jpg in Resources */,
				C2A8BEBB193EB4820029A125 /* Images.xcassets in Resources */,
			);
			runOnlyForDeploymentPostprocessing = 0;
		};
		C2A8BEBE193EB4820029A125 /* Resources */ = {
			isa = PBXResourcesBuildPhase;
			buildActionMask = 2147483647;
			files = (
				C2A8BECC193EB4820029A125 /* InfoPlist.strings in Resources */,
			);
			runOnlyForDeploymentPostprocessing = 0;
		};
/* End PBXResourcesBuildPhase section */

/* Begin PBXSourcesBuildPhase section */
		C2A8BEA1193EB4820029A125 /* Sources */ = {
			isa = PBXSourcesBuildPhase;
			buildActionMask = 2147483647;
			files = (
				C2A8BEB5193EB4820029A125 /* main.m in Sources */,
				C2A8BEB9193EB4820029A125 /* CFAppDelegate.m in Sources */,
				C2A8BED9193EB5100029A125 /* CFMainViewController.m in Sources */,
			);
			runOnlyForDeploymentPostprocessing = 0;
		};
		C2A8BEBC193EB4820029A125 /* Sources */ = {
			isa = PBXSourcesBuildPhase;
			buildActionMask = 2147483647;
			files = (
				C2A8BECE193EB4820029A125 /* ThoughtReadingTests.m in Sources */,
			);
			runOnlyForDeploymentPostprocessing = 0;
		};
/* End PBXSourcesBuildPhase section */

/* Begin PBXTargetDependency section */
		C2A8BEC6193EB4820029A125 /* PBXTargetDependency */ = {
			isa = PBXTargetDependency;
			target = C2A8BEA4193EB4820029A125 /* ThoughtReading */;
			targetProxy = C2A8BEC5193EB4820029A125 /* PBXContainerItemProxy */;
		};
/* End PBXTargetDependency section */

/* Begin PBXVariantGroup section */
		C2A8BEB1193EB4820029A125 /* InfoPlist.strings */ = {
			isa = PBXVariantGroup;
			children = (
				C2A8BEB2193EB4820029A125 /* en */,
			);
			name = InfoPlist.strings;
			sourceTree = "<group>";
		};
		C2A8BECA193EB4820029A125 /* InfoPlist.strings */ = {
			isa = PBXVariantGroup;
			children = (
				C2A8BECB193EB4820029A125 /* en */,
			);
			name = InfoPlist.strings;
			sourceTree = "<group>";
		};
/* End PBXVariantGroup section */

/* Begin XCBuildConfiguration section */
		C2A8BECF193EB4820029A125 /* Debug */ = {
			isa = XCBuildConfiguration;
			buildSettings = {
				ALWAYS_SEARCH_USER_PATHS = NO;
				CLANG_CXX_LANGUAGE_STANDARD = "gnu++0x";
				CLANG_CXX_LIBRARY = "libc++";
				CLANG_ENABLE_MODULES = YES;
				CLANG_ENABLE_OBJC_ARC = YES;
				CLANG_WARN_BOOL_CONVERSION = YES;
				CLANG_WARN_CONSTANT_CONVERSION = YES;
				CLANG_WARN_DIRECT_OBJC_ISA_USAGE = YES_ERROR;
				CLANG_WARN_EMPTY_BODY = YES;
				CLANG_WARN_ENUM_CONVERSION = YES;
				CLANG_WARN_INT_CONVERSION = YES;
				CLANG_WARN_OBJC_ROOT_CLASS = YES_ERROR;
				CLANG_WARN__DUPLICATE_METHOD_MATCH = YES;
				"CODE_SIGN_IDENTITY[sdk=iphoneos*]" = "iPhone Developer";
				COPY_PHASE_STRIP = NO;
				GCC_C_LANGUAGE_STANDARD = gnu99;
				GCC_DYNAMIC_NO_PIC = NO;
				GCC_OPTIMIZATION_LEVEL = 0;
				GCC_PREPROCESSOR_DEFINITIONS = (
					"DEBUG=1",
					"$(inherited)",
				);
				GCC_SYMBOLS_PRIVATE_EXTERN = NO;
				GCC_WARN_64_TO_32_BIT_CONVERSION = YES;
				GCC_WARN_ABOUT_RETURN_TYPE = YES_ERROR;
				GCC_WARN_UNDECLARED_SELECTOR = YES;
				GCC_WARN_UNINITIALIZED_AUTOS = YES_AGGRESSIVE;
				GCC_WARN_UNUSED_FUNCTION = YES;
				GCC_WARN_UNUSED_VARIABLE = YES;
				IPHONEOS_DEPLOYMENT_TARGET = 7.1;
				ONLY_ACTIVE_ARCH = YES;
				SDKROOT = iphoneos;
				TARGETED_DEVICE_FAMILY = "1,2";
			};
			name = Debug;
		};
		C2A8BED0193EB4820029A125 /* Release */ = {
			isa = XCBuildConfiguration;
			buildSettings = {
				ALWAYS_SEARCH_USER_PATHS = NO;
				CLANG_CXX_LANGUAGE_STANDARD = "gnu++0x";
				CLANG_CXX_LIBRARY = "libc++";
				CLANG_ENABLE_MODULES = YES;
				CLANG_ENABLE_OBJC_ARC = YES;
				CLANG_WARN_BOOL_CONVERSION = YES;
				CLANG_WARN_CONSTANT_CONVERSION = YES;
				CLANG_WARN_DIRECT_OBJC_ISA_USAGE = YES_ERROR;
				CLANG_WARN_EMPTY_BODY = YES;
				CLANG_WARN_ENUM_CONVERSION = YES;
				CLANG_WARN_INT_CONVERSION = YES;
				CLANG_WARN_OBJC_ROOT_CLASS = YES_ERROR;
				CLANG_WARN__DUPLICATE_METHOD_MATCH = YES;
				"CODE_SIGN_IDENTITY[sdk=iphoneos*]" = "iPhone Developer";
				COPY_PHASE_STRIP = YES;
				ENABLE_NS_ASSERTIONS = NO;
				GCC_C_LANGUAGE_STANDARD = gnu99;
				GCC_WARN_64_TO_32_BIT_CONVERSION = YES;
				GCC_WARN_ABOUT_RETURN_TYPE = YES_ERROR;
				GCC_WARN_UNDECLARED_SELECTOR = YES;
				GCC_WARN_UNINITIALIZED_AUTOS = YES_AGGRESSIVE;
				GCC_WARN_UNUSED_FUNCTION = YES;
				GCC_WARN_UNUSED_VARIABLE = YES;
				IPHONEOS_DEPLOYMENT_TARGET = 7.1;
				SDKROOT = iphoneos;
				TARGETED_DEVICE_FAMILY = "1,2";
				VALIDATE_PRODUCT = YES;
			};
			name = Release;
		};
		C2A8BED2193EB4820029A125 /* Debug */ = {
			isa = XCBuildConfiguration;
			buildSettings = {
				ASSETCATALOG_COMPILER_APPICON_NAME = AppIcon;
				ASSETCATALOG_COMPILER_LAUNCHIMAGE_NAME = LaunchImage;
				CLANG_ENABLE_OBJC_ARC = NO;
				GCC_PRECOMPILE_PREFIX_HEADER = YES;
				GCC_PREFIX_HEADER = "ThoughtReading/ThoughtReading-Prefix.pch";
				INFOPLIST_FILE = "ThoughtReading/ThoughtReading-Info.plist";
				New_Setting = "";
				PRODUCT_NAME = "$(TARGET_NAME)";
				WRAPPER_EXTENSION = app;
			};
			name = Debug;
		};
		C2A8BED3193EB4820029A125 /* Release */ = {
			isa = XCBuildConfiguration;
			buildSettings = {
				ASSETCATALOG_COMPILER_APPICON_NAME = AppIcon;
				ASSETCATALOG_COMPILER_LAUNCHIMAGE_NAME = LaunchImage;
				CLANG_ENABLE_OBJC_ARC = NO;
				GCC_PRECOMPILE_PREFIX_HEADER = YES;
				GCC_PREFIX_HEADER = "ThoughtReading/ThoughtReading-Prefix.pch";
				INFOPLIST_FILE = "ThoughtReading/ThoughtReading-Info.plist";
				New_Setting = "";
				PRODUCT_NAME = "$(TARGET_NAME)";
				WRAPPER_EXTENSION = app;
			};
			name = Release;
		};
		C2A8BED5193EB4820029A125 /* Debug */ = {
			isa = XCBuildConfiguration;
			buildSettings = {
				BUNDLE_LOADER = "$(BUILT_PRODUCTS_DIR)/ThoughtReading.app/ThoughtReading";
				FRAMEWORK_SEARCH_PATHS = (
					"$(SDKROOT)/Developer/Library/Frameworks",
					"$(inherited)",
					"$(DEVELOPER_FRAMEWORKS_DIR)",
				);
				GCC_PRECOMPILE_PREFIX_HEADER = YES;
				GCC_PREFIX_HEADER = "ThoughtReading/ThoughtReading-Prefix.pch";
				GCC_PREPROCESSOR_DEFINITIONS = (
					"DEBUG=1",
					"$(inherited)",
				);
				INFOPLIST_FILE = "ThoughtReadingTests/ThoughtReadingTests-Info.plist";
				PRODUCT_NAME = "$(TARGET_NAME)";
				TEST_HOST = "$(BUNDLE_LOADER)";
				WRAPPER_EXTENSION = xctest;
			};
			name = Debug;
		};
		C2A8BED6193EB4820029A125 /* Release */ = {
			isa = XCBuildConfiguration;
			buildSettings = {
				BUNDLE_LOADER = "$(BUILT_PRODUCTS_DIR)/ThoughtReading.app/ThoughtReading";
				FRAMEWORK_SEARCH_PATHS = (
					"$(SDKROOT)/Developer/Library/Frameworks",
					"$(inherited)",
					"$(DEVELOPER_FRAMEWORKS_DIR)",
				);
				GCC_PRECOMPILE_PREFIX_HEADER = YES;
				GCC_PREFIX_HEADER = "ThoughtReading/ThoughtReading-Prefix.pch";
				INFOPLIST_FILE = "ThoughtReadingTests/ThoughtReadingTests-Info.plist";
				PRODUCT_NAME = "$(TARGET_NAME)";
				TEST_HOST = "$(BUNDLE_LOADER)";
				WRAPPER_EXTENSION = xctest;
			};
			name = Release;
		};
/* End XCBuildConfiguration section */

/* Begin XCConfigurationList section */
		C2A8BEA0193EB4820029A125 /* Build configuration list for PBXProject "ThoughtReading" */ = {
			isa = XCConfigurationList;
			buildConfigurations = (
				C2A8BECF193EB4820029A125 /* Debug */,
				C2A8BED0193EB4820029A125 /* Release */,
			);
			defaultConfigurationIsVisible = 0;
			defaultConfigurationName = Release;
		};
		C2A8BED1193EB4820029A125 /* Build configuration list for PBXNativeTarget "ThoughtReading" */ = {
			isa = XCConfigurationList;
			buildConfigurations = (
				C2A8BED2193EB4820029A125 /* Debug */,
				C2A8BED3193EB4820029A125 /* Release */,
			);
			defaultConfigurationIsVisible = 0;
			defaultConfigurationName = Release;
		};
		C2A8BED4193EB4820029A125 /* Build configuration list for PBXNativeTarget "ThoughtReadingTests" */ = {
			isa = XCConfigurationList;
			buildConfigurations = (
				C2A8BED5193EB4820029A125 /* Debug */,
				C2A8BED6193EB4820029A125 /* Release */,
			);
			defaultConfigurationIsVisible = 0;
			defaultConfigurationName = Release;
		};
/* End XCConfigurationList section */
	};
	rootObject = C2A8BE9D193EB4820029A125 /* Project object */;
}
